
Microsoft Visual Studio Solution File, Format Version 12.00
# Visual Studio Version 17
VisualStudioVersion = 17.0.32112.339
MinimumVisualStudioVersion = 10.0.40219.1
Project("{9A19103F-16F7-4668-BE54-9A1E7A4F7556}") = "betApi", "betApi\betApi.csproj", "{7EF98E27-23D0-45AB-9E08-BE2ED0979C2D}"
EndProject
Project("{FAE04EC0-301F-11D3-BF4B-00C04F79EFBC}") = "betApi.Tests", "betApi.Tests\betApi.Tests.csproj", "{C3D35E67-AD90-44D0-A472-75E9252B0A35}"
EndProject
Global
	GlobalSection(SolutionConfigurationPlatforms) = preSolution
		Debug|Any CPU = Debug|Any CPU
		Release|Any CPU = Release|Any CPU
	EndGlobalSection
	GlobalSection(ProjectConfigurationPlatforms) = postSolution
		{7EF98E27-23D0-45AB-9E08-BE2ED0979C2D}.Debug|Any CPU.ActiveCfg = Debug|Any CPU
		{7EF98E27-23D0-45AB-9E08-BE2ED0979C2D}.Debug|Any CPU.Build.0 = Debug|Any CPU
		{7EF98E27-23D0-45AB-9E08-BE2ED0979C2D}.Release|Any CPU.ActiveCfg = Release|Any CPU
		{7EF98E27-23D0-45AB-9E08-BE2ED0979C2D}.Release|Any CPU.Build.0 = Release|Any CPU
		{C3D35E67-AD90-44D0-A472-75E9252B0A35}.Debug|Any CPU.ActiveCfg = Debug|Any CPU
		{C3D35E67-AD90-44D0-A472-75E9252B0A35}.Debug|Any CPU.Build.0 = Debug|Any CPU
		{C3D35E67-AD90-44D0-A472-75E9252B0A35}.Release|Any CPU.ActiveCfg = Release|Any CPU
		{C3D35E67-AD90-44D0-A472-75E9252B0A35}.Release|Any CPU.Build.0 = Release|Any CPU
	EndGlobalSection
	GlobalSection(SolutionProperties) = preSolution
		HideSolutionNode = FALSE
	EndGlobalSection
	GlobalSection(ExtensibilityGlobals) = postSolution
		SolutionGuid = {A2AA2E32-8C97-44E6-BB44-82AC1C172269}
	EndGlobalSection
EndGlobal
